
Microsoft Visual Studio Solution File, Format Version 12.00
# Visual Studio 15
Project("{FAE04EC0-301F-11D3-BF4B-00C04F79EFBC}") = "Unity.Timeline", "Unity.Timeline.csproj", "{0AD84AF7-1C7F-F4ED-7304-0B67D5160D78}"
EndProject
Project("{FAE04EC0-301F-11D3-BF4B-00C04F79EFBC}") = "Unity.Timeline.Editor", "Unity.Timeline.Editor.csproj", "{E7E47844-16F1-A539-8EB9-9FF114A32882}"
EndProject
Project("{FAE04EC0-301F-11D3-BF4B-00C04F79EFBC}") = "Unity.TextMeshPro.Editor", "Unity.TextMeshPro.Editor.csproj", "{519DE070-EEBA-1003-4A8D-234754EDC53A}"
EndProject
Project("{FAE04EC0-301F-11D3-BF4B-00C04F79EFBC}") = "Unity.PlasticSCM.Editor", "Unity.PlasticSCM.Editor.csproj", "{FA384130-2193-9FA9-8042-61336ABDCB08}"
EndProject
Project("{FAE04EC0-301F-11D3-BF4B-00C04F79EFBC}") = "UnityEditor.UI", "UnityEditor.UI.csproj", "{249EBEB2-9627-E08F-AA00-D29C9956695E}"
EndProject
Project("{FAE04EC0-301F-11D3-BF4B-00C04F79EFBC}") = "Cinemachine", "Cinemachine.csproj", "{22A7D30A-2FDB-406D-D7BA-727514D2C09B}"
EndProject
Project("{FAE04EC0-301F-11D3-BF4B-00C04F79EFBC}") = "UnityEditor.TestRunner", "UnityEditor.TestRunner.csproj", "{ACC897ED-81E2-8FDF-AC7B-D2DB48F6A36B}"
EndProject
Project("{FAE04EC0-301F-11D3-BF4B-00C04F79EFBC}") = "UnityEngine.TestRunner", "UnityEngine.TestRunner.csproj", "{2CB59321-3C8C-42AD-7F4D-6D8A31523342}"
EndProject
Project("{FAE04EC0-301F-11D3-BF4B-00C04F79EFBC}") = "UnityEngine.UI", "UnityEngine.UI.csproj", "{877EADF8-FE25-12FD-94C8-17BE4EC1AB38}"
EndProject
Project("{FAE04EC0-301F-11D3-BF4B-00C04F79EFBC}") = "Unity.Rider.Editor", "Unity.Rider.Editor.csproj", "{22070B80-57B4-2B9B-A14D-BFBF48F64B39}"
EndProject
Project("{FAE04EC0-301F-11D3-BF4B-00C04F79EFBC}") = "KinoBloom.Runtime", "KinoBloom.Runtime.csproj", "{B94A39AD-7284-0104-A484-1E983968F6A7}"
EndProject
Project("{FAE04EC0-301F-11D3-BF4B-00C04F79EFBC}") = "Unity.TextMeshPro", "Unity.TextMeshPro.csproj", "{BA68FB56-6DFA-F300-1ED5-BB941B067DB5}"
EndProject
Project("{FAE04EC0-301F-11D3-BF4B-00C04F79EFBC}") = "Unity.AI.Navigation.Editor", "Unity.AI.Navigation.Editor.csproj", "{8096499A-4CC1-C69E-FC27-FA9384A23930}"
EndProject
Project("{FAE04EC0-301F-11D3-BF4B-00C04F79EFBC}") = "Unity.VisualStudio.Editor", "Unity.VisualStudio.Editor.csproj", "{93788292-2604-F585-4E8E-09E344E213C7}"
EndProject
Project("{FAE04EC0-301F-11D3-BF4B-00C04F79EFBC}") = "com.unity.cinemachine.editor", "com.unity.cinemachine.editor.csproj", "{6231D39A-7F6A-A290-0B4A-9AF019B4E3DC}"
EndProject
Project("{FAE04EC0-301F-11D3-BF4B-00C04F79EFBC}") = "Unity.AI.Navigation", "Unity.AI.Navigation.csproj", "{808FF5C8-D43B-578D-E5CC-346420AE1E0E}"
EndProject
Project("{FAE04EC0-301F-11D3-BF4B-00C04F79EFBC}") = "Assembly-CSharp", "Assembly-CSharp.csproj", "{33CEC2BA-C9D2-887E-0F72-7F511212D0A5}"
EndProject
Project("{FAE04EC0-301F-11D3-BF4B-00C04F79EFBC}") = "Unity.AI.Navigation.Editor.ConversionSystem", "Unity.AI.Navigation.Editor.ConversionSystem.csproj", "{50C533F6-F230-0EC9-AA73-0AC3F67B76A2}"
EndProject
Project("{FAE04EC0-301F-11D3-BF4B-00C04F79EFBC}") = "CFXRRuntime", "CFXRRuntime.csproj", "{216F5176-A18B-61A2-2DDA-77082E570162}"
EndProject
Project("{FAE04EC0-301F-11D3-BF4B-00C04F79EFBC}") = "Unity.VSCode.Editor", "Unity.VSCode.Editor.csproj", "{9074EE6A-190D-D204-268E-F2C034332F3E}"
EndProject
Project("{FAE04EC0-301F-11D3-BF4B-00C04F79EFBC}") = "Unity.AI.Navigation.Updater", "Unity.AI.Navigation.Updater.csproj", "{FA554E97-F1B6-5033-DFB3-977C3E0DF10D}"
EndProject
Project("{FAE04EC0-301F-11D3-BF4B-00C04F79EFBC}") = "CFXREditor", "CFXREditor.csproj", "{9F131424-20A6-396E-0ADA-C18FF9205C97}"
EndProject
Project("{FAE04EC0-301F-11D3-BF4B-00C04F79EFBC}") = "CFXRDemo", "CFXRDemo.csproj", "{B7E597FA-27DB-71F9-07B0-B1C1C899EF39}"
EndProject
Project("{FAE04EC0-301F-11D3-BF4B-00C04F79EFBC}") = "Unity.CollabProxy.Editor", "Unity.CollabProxy.Editor.csproj", "{C9C9F7F8-CA45-1DEC-15BD-4139E5BCA058}"
EndProject
Project("{FAE04EC0-301F-11D3-BF4B-00C04F79EFBC}") = "ToonyColorsPro.Demo.Editor", "ToonyColorsPro.Demo.Editor.csproj", "{1DE2DAAE-B969-93EE-3B04-5A873DDD46CE}"
EndProject
Project("{FAE04EC0-301F-11D3-BF4B-00C04F79EFBC}") = "Unity.Timeline", "Unity.Timeline.Player.csproj", "{315C8CFB-9674-38D9-705E-0B29085EA15B}"
EndProject
Project("{FAE04EC0-301F-11D3-BF4B-00C04F79EFBC}") = "Cinemachine", "Cinemachine.Player.csproj", "{FA8A06C5-FAC8-2EEF-A966-3C0BAD07C753}"
EndProject
Project("{FAE04EC0-301F-11D3-BF4B-00C04F79EFBC}") = "UnityEngine.TestRunner", "UnityEngine.TestRunner.Player.csproj", "{B5DE5436-C10C-6BAE-BF25-CED31F63A48D}"
EndProject
Project("{FAE04EC0-301F-11D3-BF4B-00C04F79EFBC}") = "UnityEngine.UI", "UnityEngine.UI.Player.csproj", "{9F61E0AC-CEF1-79C8-6CD5-2168A824EE45}"
EndProject
Project("{FAE04EC0-301F-11D3-BF4B-00C04F79EFBC}") = "KinoBloom.Runtime", "KinoBloom.Runtime.Player.csproj", "{5FB32464-095A-BF1B-0B16-0017E2739547}"
EndProject
Project("{FAE04EC0-301F-11D3-BF4B-00C04F79EFBC}") = "Unity.TextMeshPro", "Unity.TextMeshPro.Player.csproj", "{06D990C8-AC1A-FA4D-3802-CF95FA744394}"
EndProject
Project("{FAE04EC0-301F-11D3-BF4B-00C04F79EFBC}") = "Unity.AI.Navigation", "Unity.AI.Navigation.Player.csproj", "{78C97D14-BCF4-2CC0-1BBD-09CDEFEEBD50}"
EndProject
Project("{FAE04EC0-301F-11D3-BF4B-00C04F79EFBC}") = "Assembly-CSharp", "Assembly-CSharp.Player.csproj", "{67448F14-ECA6-BDD2-8F2C-46C19C483296}"
EndProject
Project("{FAE04EC0-301F-11D3-BF4B-00C04F79EFBC}") = "CFXRRuntime", "CFXRRuntime.Player.csproj", "{05533C7B-2541-22F1-FE71-6722AA52422D}"
EndProject
Project("{FAE04EC0-301F-11D3-BF4B-00C04F79EFBC}") = "CFXRDemo", "CFXRDemo.Player.csproj", "{8A37DE01-9210-F0D9-8566-25C0C9DCB49A}"
EndProject
Global
	GlobalSection(SolutionConfigurationPlatforms) = preSolution
		Debug|Any CPU = Debug|Any CPU
		Release|Any CPU = Release|Any CPU
	EndGlobalSection
	GlobalSection(ProjectConfigurationPlatforms) = postSolution
		{0AD84AF7-1C7F-F4ED-7304-0B67D5160D78}.Debug|Any CPU.ActiveCfg = Debug|Any CPU
		{0AD84AF7-1C7F-F4ED-7304-0B67D5160D78}.Debug|Any CPU.Build.0 = Debug|Any CPU
		{0AD84AF7-1C7F-F4ED-7304-0B67D5160D78}.Release|Any CPU.ActiveCfg = Release|Any CPU
		{0AD84AF7-1C7F-F4ED-7304-0B67D5160D78}.Release|Any CPU.Build.0 = Release|Any CPU
		{E7E47844-16F1-A539-8EB9-9FF114A32882}.Debug|Any CPU.ActiveCfg = Debug|Any CPU
		{E7E47844-16F1-A539-8EB9-9FF114A32882}.Debug|Any CPU.Build.0 = Debug|Any CPU
		{E7E47844-16F1-A539-8EB9-9FF114A32882}.Release|Any CPU.ActiveCfg = Release|Any CPU
		{E7E47844-16F1-A539-8EB9-9FF114A32882}.Release|Any CPU.Build.0 = Release|Any CPU
		{519DE070-EEBA-1003-4A8D-234754EDC53A}.Debug|Any CPU.ActiveCfg = Debug|Any CPU
		{519DE070-EEBA-1003-4A8D-234754EDC53A}.Debug|Any CPU.Build.0 = Debug|Any CPU
		{519DE070-EEBA-1003-4A8D-234754EDC53A}.Release|Any CPU.ActiveCfg = Release|Any CPU
		{519DE070-EEBA-1003-4A8D-234754EDC53A}.Release|Any CPU.Build.0 = Release|Any CPU
		{FA384130-2193-9FA9-8042-61336ABDCB08}.Debug|Any CPU.ActiveCfg = Debug|Any CPU
		{FA384130-2193-9FA9-8042-61336ABDCB08}.Debug|Any CPU.Build.0 = Debug|Any CPU
		{FA384130-2193-9FA9-8042-61336ABDCB08}.Release|Any CPU.ActiveCfg = Release|Any CPU
		{FA384130-2193-9FA9-8042-61336ABDCB08}.Release|Any CPU.Build.0 = Release|Any CPU
		{249EBEB2-9627-E08F-AA00-D29C9956695E}.Debug|Any CPU.ActiveCfg = Debug|Any CPU
		{249EBEB2-9627-E08F-AA00-D29C9956695E}.Debug|Any CPU.Build.0 = Debug|Any CPU
		{249EBEB2-9627-E08F-AA00-D29C9956695E}.Release|Any CPU.ActiveCfg = Release|Any CPU
		{249EBEB2-9627-E08F-AA00-D29C9956695E}.Release|Any CPU.Build.0 = Release|Any CPU
		{22A7D30A-2FDB-406D-D7BA-727514D2C09B}.Debug|Any CPU.ActiveCfg = Debug|Any CPU
		{22A7D30A-2FDB-406D-D7BA-727514D2C09B}.Debug|Any CPU.Build.0 = Debug|Any CPU
		{22A7D30A-2FDB-406D-D7BA-727514D2C09B}.Release|Any CPU.ActiveCfg = Release|Any CPU
		{22A7D30A-2FDB-406D-D7BA-727514D2C09B}.Release|Any CPU.Build.0 = Release|Any CPU
		{ACC897ED-81E2-8FDF-AC7B-D2DB48F6A36B}.Debug|Any CPU.ActiveCfg = Debug|Any CPU
		{ACC897ED-81E2-8FDF-AC7B-D2DB48F6A36B}.Debug|Any CPU.Build.0 = Debug|Any CPU
		{ACC897ED-81E2-8FDF-AC7B-D2DB48F6A36B}.Release|Any CPU.ActiveCfg = Release|Any CPU
		{ACC897ED-81E2-8FDF-AC7B-D2DB48F6A36B}.Release|Any CPU.Build.0 = Release|Any CPU
		{2CB59321-3C8C-42AD-7F4D-6D8A31523342}.Debug|Any CPU.ActiveCfg = Debug|Any CPU
		{2CB59321-3C8C-42AD-7F4D-6D8A31523342}.Debug|Any CPU.Build.0 = Debug|Any CPU
		{2CB59321-3C8C-42AD-7F4D-6D8A31523342}.Release|Any CPU.ActiveCfg = Release|Any CPU
		{2CB59321-3C8C-42AD-7F4D-6D8A31523342}.Release|Any CPU.Build.0 = Release|Any CPU
		{877EADF8-FE25-12FD-94C8-17BE4EC1AB38}.Debug|Any CPU.ActiveCfg = Debug|Any CPU
		{877EADF8-FE25-12FD-94C8-17BE4EC1AB38}.Debug|Any CPU.Build.0 = Debug|Any CPU
		{877EADF8-FE25-12FD-94C8-17BE4EC1AB38}.Release|Any CPU.ActiveCfg = Release|Any CPU
		{877EADF8-FE25-12FD-94C8-17BE4EC1AB38}.Release|Any CPU.Build.0 = Release|Any CPU
		{22070B80-57B4-2B9B-A14D-BFBF48F64B39}.Debug|Any CPU.ActiveCfg = Debug|Any CPU
		{22070B80-57B4-2B9B-A14D-BFBF48F64B39}.Debug|Any CPU.Build.0 = Debug|Any CPU
		{22070B80-57B4-2B9B-A14D-BFBF48F64B39}.Release|Any CPU.ActiveCfg = Release|Any CPU
		{22070B80-57B4-2B9B-A14D-BFBF48F64B39}.Release|Any CPU.Build.0 = Release|Any CPU
		{B94A39AD-7284-0104-A484-1E983968F6A7}.Debug|Any CPU.ActiveCfg = Debug|Any CPU
		{B94A39AD-7284-0104-A484-1E983968F6A7}.Debug|Any CPU.Build.0 = Debug|Any CPU
		{B94A39AD-7284-0104-A484-1E983968F6A7}.Release|Any CPU.ActiveCfg = Release|Any CPU
		{B94A39AD-7284-0104-A484-1E983968F6A7}.Release|Any CPU.Build.0 = Release|Any CPU
		{BA68FB56-6DFA-F300-1ED5-BB941B067DB5}.Debug|Any CPU.ActiveCfg = Debug|Any CPU
		{BA68FB56-6DFA-F300-1ED5-BB941B067DB5}.Debug|Any CPU.Build.0 = Debug|Any CPU
		{BA68FB56-6DFA-F300-1ED5-BB941B067DB5}.Release|Any CPU.ActiveCfg = Release|Any CPU
		{BA68FB56-6DFA-F300-1ED5-BB941B067DB5}.Release|Any CPU.Build.0 = Release|Any CPU
		{8096499A-4CC1-C69E-FC27-FA9384A23930}.Debug|Any CPU.ActiveCfg = Debug|Any CPU
		{8096499A-4CC1-C69E-FC27-FA9384A23930}.Debug|Any CPU.Build.0 = Debug|Any CPU
		{8096499A-4CC1-C69E-FC27-FA9384A23930}.Release|Any CPU.ActiveCfg = Release|Any CPU
		{8096499A-4CC1-C69E-FC27-FA9384A23930}.Release|Any CPU.Build.0 = Release|Any CPU
		{93788292-2604-F585-4E8E-09E344E213C7}.Debug|Any CPU.ActiveCfg = Debug|Any CPU
		{93788292-2604-F585-4E8E-09E344E213C7}.Debug|Any CPU.Build.0 = Debug|Any CPU
		{93788292-2604-F585-4E8E-09E344E213C7}.Release|Any CPU.ActiveCfg = Release|Any CPU
		{93788292-2604-F585-4E8E-09E344E213C7}.Release|Any CPU.Build.0 = Release|Any CPU
		{6231D39A-7F6A-A290-0B4A-9AF019B4E3DC}.Debug|Any CPU.ActiveCfg = Debug|Any CPU
		{6231D39A-7F6A-A290-0B4A-9AF019B4E3DC}.Debug|Any CPU.Build.0 = Debug|Any CPU
		{6231D39A-7F6A-A290-0B4A-9AF019B4E3DC}.Release|Any CPU.ActiveCfg = Release|Any CPU
		{6231D39A-7F6A-A290-0B4A-9AF019B4E3DC}.Release|Any CPU.Build.0 = Release|Any CPU
		{808FF5C8-D43B-578D-E5CC-346420AE1E0E}.Debug|Any CPU.ActiveCfg = Debug|Any CPU
		{808FF5C8-D43B-578D-E5CC-346420AE1E0E}.Debug|Any CPU.Build.0 = Debug|Any CPU
		{808FF5C8-D43B-578D-E5CC-346420AE1E0E}.Release|Any CPU.ActiveCfg = Release|Any CPU
		{808FF5C8-D43B-578D-E5CC-346420AE1E0E}.Release|Any CPU.Build.0 = Release|Any CPU
		{33CEC2BA-C9D2-887E-0F72-7F511212D0A5}.Debug|Any CPU.ActiveCfg = Debug|Any CPU
		{33CEC2BA-C9D2-887E-0F72-7F511212D0A5}.Debug|Any CPU.Build.0 = Debug|Any CPU
		{33CEC2BA-C9D2-887E-0F72-7F511212D0A5}.Release|Any CPU.ActiveCfg = Release|Any CPU
		{33CEC2BA-C9D2-887E-0F72-7F511212D0A5}.Release|Any CPU.Build.0 = Release|Any CPU
		{50C533F6-F230-0EC9-AA73-0AC3F67B76A2}.Debug|Any CPU.ActiveCfg = Debug|Any CPU
		{50C533F6-F230-0EC9-AA73-0AC3F67B76A2}.Debug|Any CPU.Build.0 = Debug|Any CPU
		{50C533F6-F230-0EC9-AA73-0AC3F67B76A2}.Release|Any CPU.ActiveCfg = Release|Any CPU
		{50C533F6-F230-0EC9-AA73-0AC3F67B76A2}.Release|Any CPU.Build.0 = Release|Any CPU
		{216F5176-A18B-61A2-2DDA-77082E570162}.Debug|Any CPU.ActiveCfg = Debug|Any CPU
		{216F5176-A18B-61A2-2DDA-77082E570162}.Debug|Any CPU.Build.0 = Debug|Any CPU
		{216F5176-A18B-61A2-2DDA-77082E570162}.Release|Any CPU.ActiveCfg = Release|Any CPU
		{216F5176-A18B-61A2-2DDA-77082E570162}.Release|Any CPU.Build.0 = Release|Any CPU
		{9074EE6A-190D-D204-268E-F2C034332F3E}.Debug|Any CPU.ActiveCfg = Debug|Any CPU
		{9074EE6A-190D-D204-268E-F2C034332F3E}.Debug|Any CPU.Build.0 = Debug|Any CPU
		{9074EE6A-190D-D204-268E-F2C034332F3E}.Release|Any CPU.ActiveCfg = Release|Any CPU
		{9074EE6A-190D-D204-268E-F2C034332F3E}.Release|Any CPU.Build.0 = Release|Any CPU
		{FA554E97-F1B6-5033-DFB3-977C3E0DF10D}.Debug|Any CPU.ActiveCfg = Debug|Any CPU
		{FA554E97-F1B6-5033-DFB3-977C3E0DF10D}.Debug|Any CPU.Build.0 = Debug|Any CPU
		{FA554E97-F1B6-5033-DFB3-977C3E0DF10D}.Release|Any CPU.ActiveCfg = Release|Any CPU
		{FA554E97-F1B6-5033-DFB3-977C3E0DF10D}.Release|Any CPU.Build.0 = Release|Any CPU
		{9F131424-20A6-396E-0ADA-C18FF9205C97}.Debug|Any CPU.ActiveCfg = Debug|Any CPU
		{9F131424-20A6-396E-0ADA-C18FF9205C97}.Debug|Any CPU.Build.0 = Debug|Any CPU
		{9F131424-20A6-396E-0ADA-C18FF9205C97}.Release|Any CPU.ActiveCfg = Release|Any CPU
		{9F131424-20A6-396E-0ADA-C18FF9205C97}.Release|Any CPU.Build.0 = Release|Any CPU
		{B7E597FA-27DB-71F9-07B0-B1C1C899EF39}.Debug|Any CPU.ActiveCfg = Debug|Any CPU
		{B7E597FA-27DB-71F9-07B0-B1C1C899EF39}.Debug|Any CPU.Build.0 = Debug|Any CPU
		{B7E597FA-27DB-71F9-07B0-B1C1C899EF39}.Release|Any CPU.ActiveCfg = Release|Any CPU
		{B7E597FA-27DB-71F9-07B0-B1C1C899EF39}.Release|Any CPU.Build.0 = Release|Any CPU
		{C9C9F7F8-CA45-1DEC-15BD-4139E5BCA058}.Debug|Any CPU.ActiveCfg = Debug|Any CPU
		{C9C9F7F8-CA45-1DEC-15BD-4139E5BCA058}.Debug|Any CPU.Build.0 = Debug|Any CPU
		{C9C9F7F8-CA45-1DEC-15BD-4139E5BCA058}.Release|Any CPU.ActiveCfg = Release|Any CPU
		{C9C9F7F8-CA45-1DEC-15BD-4139E5BCA058}.Release|Any CPU.Build.0 = Release|Any CPU
		{1DE2DAAE-B969-93EE-3B04-5A873DDD46CE}.Debug|Any CPU.ActiveCfg = Debug|Any CPU
		{1DE2DAAE-B969-93EE-3B04-5A873DDD46CE}.Debug|Any CPU.Build.0 = Debug|Any CPU
		{1DE2DAAE-B969-93EE-3B04-5A873DDD46CE}.Release|Any CPU.ActiveCfg = Release|Any CPU
		{1DE2DAAE-B969-93EE-3B04-5A873DDD46CE}.Release|Any CPU.Build.0 = Release|Any CPU
		{315C8CFB-9674-38D9-705E-0B29085EA15B}.Debug|Any CPU.ActiveCfg = Debug|Any CPU
		{315C8CFB-9674-38D9-705E-0B29085EA15B}.Debug|Any CPU.Build.0 = Debug|Any CPU
		{315C8CFB-9674-38D9-705E-0B29085EA15B}.Release|Any CPU.ActiveCfg = Release|Any CPU
		{315C8CFB-9674-38D9-705E-0B29085EA15B}.Release|Any CPU.Build.0 = Release|Any CPU
		{FA8A06C5-FAC8-2EEF-A966-3C0BAD07C753}.Debug|Any CPU.ActiveCfg = Debug|Any CPU
		{FA8A06C5-FAC8-2EEF-A966-3C0BAD07C753}.Debug|Any CPU.Build.0 = Debug|Any CPU
		{FA8A06C5-FAC8-2EEF-A966-3C0BAD07C753}.Release|Any CPU.ActiveCfg = Release|Any CPU
		{FA8A06C5-FAC8-2EEF-A966-3C0BAD07C753}.Release|Any CPU.Build.0 = Release|Any CPU
		{B5DE5436-C10C-6BAE-BF25-CED31F63A48D}.Debug|Any CPU.ActiveCfg = Debug|Any CPU
		{B5DE5436-C10C-6BAE-BF25-CED31F63A48D}.Debug|Any CPU.Build.0 = Debug|Any CPU
		{B5DE5436-C10C-6BAE-BF25-CED31F63A48D}.Release|Any CPU.ActiveCfg = Release|Any CPU
		{B5DE5436-C10C-6BAE-BF25-CED31F63A48D}.Release|Any CPU.Build.0 = Release|Any CPU
		{9F61E0AC-CEF1-79C8-6CD5-2168A824EE45}.Debug|Any CPU.ActiveCfg = Debug|Any CPU
		{9F61E0AC-CEF1-79C8-6CD5-2168A824EE45}.Debug|Any CPU.Build.0 = Debug|Any CPU
		{9F61E0AC-CEF1-79C8-6CD5-2168A824EE45}.Release|Any CPU.ActiveCfg = Release|Any CPU
		{9F61E0AC-CEF1-79C8-6CD5-2168A824EE45}.Release|Any CPU.Build.0 = Release|Any CPU
		{5FB32464-095A-BF1B-0B16-0017E2739547}.Debug|Any CPU.ActiveCfg = Debug|Any CPU
		{5FB32464-095A-BF1B-0B16-0017E2739547}.Debug|Any CPU.Build.0 = Debug|Any CPU
		{5FB32464-095A-BF1B-0B16-0017E2739547}.Release|Any CPU.ActiveCfg = Release|Any CPU
		{5FB32464-095A-BF1B-0B16-0017E2739547}.Release|Any CPU.Build.0 = Release|Any CPU
		{06D990C8-AC1A-FA4D-3802-CF95FA744394}.Debug|Any CPU.ActiveCfg = Debug|Any CPU
		{06D990C8-AC1A-FA4D-3802-CF95FA744394}.Debug|Any CPU.Build.0 = Debug|Any CPU
		{06D990C8-AC1A-FA4D-3802-CF95FA744394}.Release|Any CPU.ActiveCfg = Release|Any CPU
		{06D990C8-AC1A-FA4D-3802-CF95FA744394}.Release|Any CPU.Build.0 = Release|Any CPU
		{78C97D14-BCF4-2CC0-1BBD-09CDEFEEBD50}.Debug|Any CPU.ActiveCfg = Debug|Any CPU
		{78C97D14-BCF4-2CC0-1BBD-09CDEFEEBD50}.Debug|Any CPU.Build.0 = Debug|Any CPU
		{78C97D14-BCF4-2CC0-1BBD-09CDEFEEBD50}.Release|Any CPU.ActiveCfg = Release|Any CPU
		{78C97D14-BCF4-2CC0-1BBD-09CDEFEEBD50}.Release|Any CPU.Build.0 = Release|Any CPU
		{67448F14-ECA6-BDD2-8F2C-46C19C483296}.Debug|Any CPU.ActiveCfg = Debug|Any CPU
		{67448F14-ECA6-BDD2-8F2C-46C19C483296}.Debug|Any CPU.Build.0 = Debug|Any CPU
		{67448F14-ECA6-BDD2-8F2C-46C19C483296}.Release|Any CPU.ActiveCfg = Release|Any CPU
		{67448F14-ECA6-BDD2-8F2C-46C19C483296}.Release|Any CPU.Build.0 = Release|Any CPU
		{05533C7B-2541-22F1-FE71-6722AA52422D}.Debug|Any CPU.ActiveCfg = Debug|Any CPU
		{05533C7B-2541-22F1-FE71-6722AA52422D}.Debug|Any CPU.Build.0 = Debug|Any CPU
		{05533C7B-2541-22F1-FE71-6722AA52422D}.Release|Any CPU.ActiveCfg = Release|Any CPU
		{05533C7B-2541-22F1-FE71-6722AA52422D}.Release|Any CPU.Build.0 = Release|Any CPU
		{8A37DE01-9210-F0D9-8566-25C0C9DCB49A}.Debug|Any CPU.ActiveCfg = Debug|Any CPU
		{8A37DE01-9210-F0D9-8566-25C0C9DCB49A}.Debug|Any CPU.Build.0 = Debug|Any CPU
		{8A37DE01-9210-F0D9-8566-25C0C9DCB49A}.Release|Any CPU.ActiveCfg = Release|Any CPU
		{8A37DE01-9210-F0D9-8566-25C0C9DCB49A}.Release|Any CPU.Build.0 = Release|Any CPU
	EndGlobalSection
	GlobalSection(SolutionProperties) = preSolution
		HideSolutionNode = FALSE
	EndGlobalSection
EndGlobal
